
Microsoft Visual Studio Solution File, Format Version 12.00
# Visual Studio Version 17
VisualStudioVersion = 17.14.36518.9
MinimumVisualStudioVersion = 10.0.40219.1
Project("{FAE04EC0-301F-11D3-BF4B-00C04F79EFBC}") = "TerrariaServerSystem", "TerrariaServerSystem\TerrariaServerSystem.csproj", "{C1F1A262-9986-40F9-85CC-127B276472DA}"
EndProject
Project("{FAE04EC0-301F-11D3-BF4B-00C04F79EFBC}") = "TerrariaServerAPI", "TerrariaServerAPI\TerrariaServerAPI.csproj", "{ABD5FFF3-5F98-43FA-B558-9277AA18FD2C}"
EndProject
Project("{FAE04EC0-301F-11D3-BF4B-00C04F79EFBC}") = "TerrariaServerSystemTestRun", "TerrariaServerSystemTestRun\TerrariaServerSystemTestRun.csproj", "{A0332D0F-3E40-B876-AFE8-AD7ED7B05B07}"
EndProject
Global
	GlobalSection(SolutionConfigurationPlatforms) = preSolution
		Debug|Any CPU = Debug|Any CPU
		Release|Any CPU = Release|Any CPU
	EndGlobalSection
	GlobalSection(ProjectConfigurationPlatforms) = postSolution
		{C1F1A262-9986-40F9-85CC-127B276472DA}.Debug|Any CPU.ActiveCfg = Debug|Any CPU
		{C1F1A262-9986-40F9-85CC-127B276472DA}.Debug|Any CPU.Build.0 = Debug|Any CPU
		{C1F1A262-9986-40F9-85CC-127B276472DA}.Release|Any CPU.ActiveCfg = Release|Any CPU
		{C1F1A262-9986-40F9-85CC-127B276472DA}.Release|Any CPU.Build.0 = Release|Any CPU
		{ABD5FFF3-5F98-43FA-B558-9277AA18FD2C}.Debug|Any CPU.ActiveCfg = Debug|Any CPU
		{ABD5FFF3-5F98-43FA-B558-9277AA18FD2C}.Debug|Any CPU.Build.0 = Debug|Any CPU
		{ABD5FFF3-5F98-43FA-B558-9277AA18FD2C}.Release|Any CPU.ActiveCfg = Release|Any CPU
		{ABD5FFF3-5F98-43FA-B558-9277AA18FD2C}.Release|Any CPU.Build.0 = Release|Any CPU
		{A0332D0F-3E40-B876-AFE8-AD7ED7B05B07}.Debug|Any CPU.ActiveCfg = Debug|Any CPU
		{A0332D0F-3E40-B876-AFE8-AD7ED7B05B07}.Debug|Any CPU.Build.0 = Debug|Any CPU
		{A0332D0F-3E40-B876-AFE8-AD7ED7B05B07}.Release|Any CPU.ActiveCfg = Release|Any CPU
		{A0332D0F-3E40-B876-AFE8-AD7ED7B05B07}.Release|Any CPU.Build.0 = Release|Any CPU
	EndGlobalSection
	GlobalSection(SolutionProperties) = preSolution
		HideSolutionNode = FALSE
	EndGlobalSection
	GlobalSection(ExtensibilityGlobals) = postSolution
		SolutionGuid = {92A0C799-F624-4207-92D3-8E1C0C7FD073}
	EndGlobalSection
EndGlobal
